
Microsoft Visual Studio Solution File, Format Version 12.00
# Visual Studio Version 16
VisualStudioVersion = 16.0.30114.105
MinimumVisualStudioVersion = 10.0.40219.1
Project("{9A19103F-16F7-4668-BE54-9A1E7A4F7556}") = "Pharmacy.API", "Pharmacy.API\Pharmacy.API.csproj", "{8DD02AF6-1D65-4D49-B4EC-AF35715C5100}"
EndProject
Project("{9A19103F-16F7-4668-BE54-9A1E7A4F7556}") = "Pharmacy.Infrastracture", "Pharmacy.Infrastracture\Pharmacy.Infrastracture.csproj", "{B37C5091-88C1-44D5-8955-7405872FB1FD}"
EndProject
Project("{2150E333-8FDC-42A3-9474-1A3956D46DE8}") = "UI", "UI", "{69A00EAF-B11A-4A77-9DE1-C1FB1B78A1B5}"
EndProject
Project("{FAE04EC0-301F-11D3-BF4B-00C04F79EFBC}") = "Pharmacy.WindowsUI", "Pharmacy.WindowsUI\Pharmacy.WindowsUI.csproj", "{DCF806DA-6D15-411C-B925-A91F409683C7}"
EndProject
Project("{9A19103F-16F7-4668-BE54-9A1E7A4F7556}") = "Pharmacy.Core", "Pharmacy.Core\Pharmacy.Core.csproj", "{E11E843D-47B9-4A45-8927-57E2D01C63C0}"
EndProject
Project("{FAE04EC0-301F-11D3-BF4B-00C04F79EFBC}") = "Pharmacy.Mobile.UWP", "Pharmacy.Mobile\Pharmacy.Mobile.UWP\Pharmacy.Mobile.UWP.csproj", "{AFEA7F07-9C02-4149-BAEA-6FB0F4883E9C}"
EndProject
Project("{FAE04EC0-301F-11D3-BF4B-00C04F79EFBC}") = "Pharmacy.Mobile.Android", "Pharmacy.Mobile\Pharmacy.Mobile.Android\Pharmacy.Mobile.Android.csproj", "{20875A20-9857-48C4-928A-508FB20FBA8C}"
EndProject
Project("{FAE04EC0-301F-11D3-BF4B-00C04F79EFBC}") = "Pharmacy.Mobile.iOS", "Pharmacy.Mobile\Pharmacy.Mobile.iOS\Pharmacy.Mobile.iOS.csproj", "{F5C77CB9-79C9-4CE0-A970-F040F6520AD3}"
EndProject
Project("{FAE04EC0-301F-11D3-BF4B-00C04F79EFBC}") = "Pharmacy.Mobile", "Pharmacy.Mobile\Pharmacy.Mobile\Pharmacy.Mobile.csproj", "{300CD5E1-1210-4C48-8B14-8F8B65811B9D}"
EndProject
Global
	GlobalSection(SolutionConfigurationPlatforms) = preSolution
		Debug|Any CPU = Debug|Any CPU
		Debug|ARM = Debug|ARM
		Debug|iPhone = Debug|iPhone
		Debug|iPhoneSimulator = Debug|iPhoneSimulator
		Debug|x64 = Debug|x64
		Debug|x86 = Debug|x86
		Release|Any CPU = Release|Any CPU
		Release|ARM = Release|ARM
		Release|iPhone = Release|iPhone
		Release|iPhoneSimulator = Release|iPhoneSimulator
		Release|x64 = Release|x64
		Release|x86 = Release|x86
	EndGlobalSection
	GlobalSection(ProjectConfigurationPlatforms) = postSolution
		{8DD02AF6-1D65-4D49-B4EC-AF35715C5100}.Debug|Any CPU.ActiveCfg = Debug|Any CPU
		{8DD02AF6-1D65-4D49-B4EC-AF35715C5100}.Debug|Any CPU.Build.0 = Debug|Any CPU
		{8DD02AF6-1D65-4D49-B4EC-AF35715C5100}.Debug|ARM.ActiveCfg = Debug|Any CPU
		{8DD02AF6-1D65-4D49-B4EC-AF35715C5100}.Debug|ARM.Build.0 = Debug|Any CPU
		{8DD02AF6-1D65-4D49-B4EC-AF35715C5100}.Debug|iPhone.ActiveCfg = Debug|Any CPU
		{8DD02AF6-1D65-4D49-B4EC-AF35715C5100}.Debug|iPhone.Build.0 = Debug|Any CPU
		{8DD02AF6-1D65-4D49-B4EC-AF35715C5100}.Debug|iPhoneSimulator.ActiveCfg = Debug|Any CPU
		{8DD02AF6-1D65-4D49-B4EC-AF35715C5100}.Debug|iPhoneSimulator.Build.0 = Debug|Any CPU
		{8DD02AF6-1D65-4D49-B4EC-AF35715C5100}.Debug|x64.ActiveCfg = Debug|Any CPU
		{8DD02AF6-1D65-4D49-B4EC-AF35715C5100}.Debug|x64.Build.0 = Debug|Any CPU
		{8DD02AF6-1D65-4D49-B4EC-AF35715C5100}.Debug|x86.ActiveCfg = Debug|Any CPU
		{8DD02AF6-1D65-4D49-B4EC-AF35715C5100}.Debug|x86.Build.0 = Debug|Any CPU
		{8DD02AF6-1D65-4D49-B4EC-AF35715C5100}.Release|Any CPU.ActiveCfg = Release|Any CPU
		{8DD02AF6-1D65-4D49-B4EC-AF35715C5100}.Release|Any CPU.Build.0 = Release|Any CPU
		{8DD02AF6-1D65-4D49-B4EC-AF35715C5100}.Release|ARM.ActiveCfg = Release|Any CPU
		{8DD02AF6-1D65-4D49-B4EC-AF35715C5100}.Release|ARM.Build.0 = Release|Any CPU
		{8DD02AF6-1D65-4D49-B4EC-AF35715C5100}.Release|iPhone.ActiveCfg = Release|Any CPU
		{8DD02AF6-1D65-4D49-B4EC-AF35715C5100}.Release|iPhone.Build.0 = Release|Any CPU
		{8DD02AF6-1D65-4D49-B4EC-AF35715C5100}.Release|iPhoneSimulator.ActiveCfg = Release|Any CPU
		{8DD02AF6-1D65-4D49-B4EC-AF35715C5100}.Release|iPhoneSimulator.Build.0 = Release|Any CPU
		{8DD02AF6-1D65-4D49-B4EC-AF35715C5100}.Release|x64.ActiveCfg = Release|Any CPU
		{8DD02AF6-1D65-4D49-B4EC-AF35715C5100}.Release|x64.Build.0 = Release|Any CPU
		{8DD02AF6-1D65-4D49-B4EC-AF35715C5100}.Release|x86.ActiveCfg = Release|Any CPU
		{8DD02AF6-1D65-4D49-B4EC-AF35715C5100}.Release|x86.Build.0 = Release|Any CPU
		{B37C5091-88C1-44D5-8955-7405872FB1FD}.Debug|Any CPU.ActiveCfg = Debug|Any CPU
		{B37C5091-88C1-44D5-8955-7405872FB1FD}.Debug|Any CPU.Build.0 = Debug|Any CPU
		{B37C5091-88C1-44D5-8955-7405872FB1FD}.Debug|ARM.ActiveCfg = Debug|Any CPU
		{B37C5091-88C1-44D5-8955-7405872FB1FD}.Debug|ARM.Build.0 = Debug|Any CPU
		{B37C5091-88C1-44D5-8955-7405872FB1FD}.Debug|iPhone.ActiveCfg = Debug|Any CPU
		{B37C5091-88C1-44D5-8955-7405872FB1FD}.Debug|iPhone.Build.0 = Debug|Any CPU
		{B37C5091-88C1-44D5-8955-7405872FB1FD}.Debug|iPhoneSimulator.ActiveCfg = Debug|Any CPU
		{B37C5091-88C1-44D5-8955-7405872FB1FD}.Debug|iPhoneSimulator.Build.0 = Debug|Any CPU
		{B37C5091-88C1-44D5-8955-7405872FB1FD}.Debug|x64.ActiveCfg = Debug|Any CPU
		{B37C5091-88C1-44D5-8955-7405872FB1FD}.Debug|x64.Build.0 = Debug|Any CPU
		{B37C5091-88C1-44D5-8955-7405872FB1FD}.Debug|x86.ActiveCfg = Debug|Any CPU
		{B37C5091-88C1-44D5-8955-7405872FB1FD}.Debug|x86.Build.0 = Debug|Any CPU
		{B37C5091-88C1-44D5-8955-7405872FB1FD}.Release|Any CPU.ActiveCfg = Release|Any CPU
		{B37C5091-88C1-44D5-8955-7405872FB1FD}.Release|Any CPU.Build.0 = Release|Any CPU
		{B37C5091-88C1-44D5-8955-7405872FB1FD}.Release|ARM.ActiveCfg = Release|Any CPU
		{B37C5091-88C1-44D5-8955-7405872FB1FD}.Release|ARM.Build.0 = Release|Any CPU
		{B37C5091-88C1-44D5-8955-7405872FB1FD}.Release|iPhone.ActiveCfg = Release|Any CPU
		{B37C5091-88C1-44D5-8955-7405872FB1FD}.Release|iPhone.Build.0 = Release|Any CPU
		{B37C5091-88C1-44D5-8955-7405872FB1FD}.Release|iPhoneSimulator.ActiveCfg = Release|Any CPU
		{B37C5091-88C1-44D5-8955-7405872FB1FD}.Release|iPhoneSimulator.Build.0 = Release|Any CPU
		{B37C5091-88C1-44D5-8955-7405872FB1FD}.Release|x64.ActiveCfg = Release|Any CPU
		{B37C5091-88C1-44D5-8955-7405872FB1FD}.Release|x64.Build.0 = Release|Any CPU
		{B37C5091-88C1-44D5-8955-7405872FB1FD}.Release|x86.ActiveCfg = Release|Any CPU
		{B37C5091-88C1-44D5-8955-7405872FB1FD}.Release|x86.Build.0 = Release|Any CPU
		{DCF806DA-6D15-411C-B925-A91F409683C7}.Debug|Any CPU.ActiveCfg = Debug|Any CPU
		{DCF806DA-6D15-411C-B925-A91F409683C7}.Debug|Any CPU.Build.0 = Debug|Any CPU
		{DCF806DA-6D15-411C-B925-A91F409683C7}.Debug|ARM.ActiveCfg = Debug|Any CPU
		{DCF806DA-6D15-411C-B925-A91F409683C7}.Debug|ARM.Build.0 = Debug|Any CPU
		{DCF806DA-6D15-411C-B925-A91F409683C7}.Debug|iPhone.ActiveCfg = Debug|Any CPU
		{DCF806DA-6D15-411C-B925-A91F409683C7}.Debug|iPhone.Build.0 = Debug|Any CPU
		{DCF806DA-6D15-411C-B925-A91F409683C7}.Debug|iPhoneSimulator.ActiveCfg = Debug|Any CPU
		{DCF806DA-6D15-411C-B925-A91F409683C7}.Debug|iPhoneSimulator.Build.0 = Debug|Any CPU
		{DCF806DA-6D15-411C-B925-A91F409683C7}.Debug|x64.ActiveCfg = Debug|Any CPU
		{DCF806DA-6D15-411C-B925-A91F409683C7}.Debug|x64.Build.0 = Debug|Any CPU
		{DCF806DA-6D15-411C-B925-A91F409683C7}.Debug|x86.ActiveCfg = Debug|Any CPU
		{DCF806DA-6D15-411C-B925-A91F409683C7}.Debug|x86.Build.0 = Debug|Any CPU
		{DCF806DA-6D15-411C-B925-A91F409683C7}.Release|Any CPU.ActiveCfg = Release|Any CPU
		{DCF806DA-6D15-411C-B925-A91F409683C7}.Release|Any CPU.Build.0 = Release|Any CPU
		{DCF806DA-6D15-411C-B925-A91F409683C7}.Release|ARM.ActiveCfg = Release|Any CPU
		{DCF806DA-6D15-411C-B925-A91F409683C7}.Release|ARM.Build.0 = Release|Any CPU
		{DCF806DA-6D15-411C-B925-A91F409683C7}.Release|iPhone.ActiveCfg = Release|Any CPU
		{DCF806DA-6D15-411C-B925-A91F409683C7}.Release|iPhone.Build.0 = Release|Any CPU
		{DCF806DA-6D15-411C-B925-A91F409683C7}.Release|iPhoneSimulator.ActiveCfg = Release|Any CPU
		{DCF806DA-6D15-411C-B925-A91F409683C7}.Release|iPhoneSimulator.Build.0 = Release|Any CPU
		{DCF806DA-6D15-411C-B925-A91F409683C7}.Release|x64.ActiveCfg = Release|Any CPU
		{DCF806DA-6D15-411C-B925-A91F409683C7}.Release|x64.Build.0 = Release|Any CPU
		{DCF806DA-6D15-411C-B925-A91F409683C7}.Release|x86.ActiveCfg = Release|Any CPU
		{DCF806DA-6D15-411C-B925-A91F409683C7}.Release|x86.Build.0 = Release|Any CPU
		{E11E843D-47B9-4A45-8927-57E2D01C63C0}.Debug|Any CPU.ActiveCfg = Debug|Any CPU
		{E11E843D-47B9-4A45-8927-57E2D01C63C0}.Debug|Any CPU.Build.0 = Debug|Any CPU
		{E11E843D-47B9-4A45-8927-57E2D01C63C0}.Debug|ARM.ActiveCfg = Debug|Any CPU
		{E11E843D-47B9-4A45-8927-57E2D01C63C0}.Debug|ARM.Build.0 = Debug|Any CPU
		{E11E843D-47B9-4A45-8927-57E2D01C63C0}.Debug|iPhone.ActiveCfg = Debug|Any CPU
		{E11E843D-47B9-4A45-8927-57E2D01C63C0}.Debug|iPhone.Build.0 = Debug|Any CPU
		{E11E843D-47B9-4A45-8927-57E2D01C63C0}.Debug|iPhoneSimulator.ActiveCfg = Debug|Any CPU
		{E11E843D-47B9-4A45-8927-57E2D01C63C0}.Debug|iPhoneSimulator.Build.0 = Debug|Any CPU
		{E11E843D-47B9-4A45-8927-57E2D01C63C0}.Debug|x64.ActiveCfg = Debug|Any CPU
		{E11E843D-47B9-4A45-8927-57E2D01C63C0}.Debug|x64.Build.0 = Debug|Any CPU
		{E11E843D-47B9-4A45-8927-57E2D01C63C0}.Debug|x86.ActiveCfg = Debug|Any CPU
		{E11E843D-47B9-4A45-8927-57E2D01C63C0}.Debug|x86.Build.0 = Debug|Any CPU
		{E11E843D-47B9-4A45-8927-57E2D01C63C0}.Release|Any CPU.ActiveCfg = Release|Any CPU
		{E11E843D-47B9-4A45-8927-57E2D01C63C0}.Release|Any CPU.Build.0 = Release|Any CPU
		{E11E843D-47B9-4A45-8927-57E2D01C63C0}.Release|ARM.ActiveCfg = Release|Any CPU
		{E11E843D-47B9-4A45-8927-57E2D01C63C0}.Release|ARM.Build.0 = Release|Any CPU
		{E11E843D-47B9-4A45-8927-57E2D01C63C0}.Release|iPhone.ActiveCfg = Release|Any CPU
		{E11E843D-47B9-4A45-8927-57E2D01C63C0}.Release|iPhone.Build.0 = Release|Any CPU
		{E11E843D-47B9-4A45-8927-57E2D01C63C0}.Release|iPhoneSimulator.ActiveCfg = Release|Any CPU
		{E11E843D-47B9-4A45-8927-57E2D01C63C0}.Release|iPhoneSimulator.Build.0 = Release|Any CPU
		{E11E843D-47B9-4A45-8927-57E2D01C63C0}.Release|x64.ActiveCfg = Release|Any CPU
		{E11E843D-47B9-4A45-8927-57E2D01C63C0}.Release|x64.Build.0 = Release|Any CPU
		{E11E843D-47B9-4A45-8927-57E2D01C63C0}.Release|x86.ActiveCfg = Release|Any CPU
		{E11E843D-47B9-4A45-8927-57E2D01C63C0}.Release|x86.Build.0 = Release|Any CPU
		{AFEA7F07-9C02-4149-BAEA-6FB0F4883E9C}.Debug|Any CPU.ActiveCfg = Debug|x86
		{AFEA7F07-9C02-4149-BAEA-6FB0F4883E9C}.Debug|ARM.ActiveCfg = Debug|ARM
		{AFEA7F07-9C02-4149-BAEA-6FB0F4883E9C}.Debug|ARM.Build.0 = Debug|ARM
		{AFEA7F07-9C02-4149-BAEA-6FB0F4883E9C}.Debug|ARM.Deploy.0 = Debug|ARM
		{AFEA7F07-9C02-4149-BAEA-6FB0F4883E9C}.Debug|iPhone.ActiveCfg = Debug|x86
		{AFEA7F07-9C02-4149-BAEA-6FB0F4883E9C}.Debug|iPhoneSimulator.ActiveCfg = Debug|x86
		{AFEA7F07-9C02-4149-BAEA-6FB0F4883E9C}.Debug|x64.ActiveCfg = Debug|x64
		{AFEA7F07-9C02-4149-BAEA-6FB0F4883E9C}.Debug|x64.Build.0 = Debug|x64
		{AFEA7F07-9C02-4149-BAEA-6FB0F4883E9C}.Debug|x64.Deploy.0 = Debug|x64
		{AFEA7F07-9C02-4149-BAEA-6FB0F4883E9C}.Debug|x86.ActiveCfg = Debug|x86
		{AFEA7F07-9C02-4149-BAEA-6FB0F4883E9C}.Debug|x86.Build.0 = Debug|x86
		{AFEA7F07-9C02-4149-BAEA-6FB0F4883E9C}.Debug|x86.Deploy.0 = Debug|x86
		{AFEA7F07-9C02-4149-BAEA-6FB0F4883E9C}.Release|Any CPU.ActiveCfg = Release|x86
		{AFEA7F07-9C02-4149-BAEA-6FB0F4883E9C}.Release|ARM.ActiveCfg = Release|ARM
		{AFEA7F07-9C02-4149-BAEA-6FB0F4883E9C}.Release|ARM.Build.0 = Release|ARM
		{AFEA7F07-9C02-4149-BAEA-6FB0F4883E9C}.Release|ARM.Deploy.0 = Release|ARM
		{AFEA7F07-9C02-4149-BAEA-6FB0F4883E9C}.Release|iPhone.ActiveCfg = Release|x86
		{AFEA7F07-9C02-4149-BAEA-6FB0F4883E9C}.Release|iPhoneSimulator.ActiveCfg = Release|x86
		{AFEA7F07-9C02-4149-BAEA-6FB0F4883E9C}.Release|x64.ActiveCfg = Release|x64
		{AFEA7F07-9C02-4149-BAEA-6FB0F4883E9C}.Release|x64.Build.0 = Release|x64
		{AFEA7F07-9C02-4149-BAEA-6FB0F4883E9C}.Release|x64.Deploy.0 = Release|x64
		{AFEA7F07-9C02-4149-BAEA-6FB0F4883E9C}.Release|x86.ActiveCfg = Release|x86
		{AFEA7F07-9C02-4149-BAEA-6FB0F4883E9C}.Release|x86.Build.0 = Release|x86
		{AFEA7F07-9C02-4149-BAEA-6FB0F4883E9C}.Release|x86.Deploy.0 = Release|x86
		{20875A20-9857-48C4-928A-508FB20FBA8C}.Debug|Any CPU.ActiveCfg = Debug|Any CPU
		{20875A20-9857-48C4-928A-508FB20FBA8C}.Debug|Any CPU.Build.0 = Debug|Any CPU
		{20875A20-9857-48C4-928A-508FB20FBA8C}.Debug|Any CPU.Deploy.0 = Debug|Any CPU
		{20875A20-9857-48C4-928A-508FB20FBA8C}.Debug|ARM.ActiveCfg = Debug|Any CPU
		{20875A20-9857-48C4-928A-508FB20FBA8C}.Debug|ARM.Build.0 = Debug|Any CPU
		{20875A20-9857-48C4-928A-508FB20FBA8C}.Debug|ARM.Deploy.0 = Debug|Any CPU
		{20875A20-9857-48C4-928A-508FB20FBA8C}.Debug|iPhone.ActiveCfg = Debug|Any CPU
		{20875A20-9857-48C4-928A-508FB20FBA8C}.Debug|iPhone.Build.0 = Debug|Any CPU
		{20875A20-9857-48C4-928A-508FB20FBA8C}.Debug|iPhone.Deploy.0 = Debug|Any CPU
		{20875A20-9857-48C4-928A-508FB20FBA8C}.Debug|iPhoneSimulator.ActiveCfg = Debug|Any CPU
		{20875A20-9857-48C4-928A-508FB20FBA8C}.Debug|iPhoneSimulator.Build.0 = Debug|Any CPU
		{20875A20-9857-48C4-928A-508FB20FBA8C}.Debug|iPhoneSimulator.Deploy.0 = Debug|Any CPU
		{20875A20-9857-48C4-928A-508FB20FBA8C}.Debug|x64.ActiveCfg = Debug|Any CPU
		{20875A20-9857-48C4-928A-508FB20FBA8C}.Debug|x64.Build.0 = Debug|Any CPU
		{20875A20-9857-48C4-928A-508FB20FBA8C}.Debug|x64.Deploy.0 = Debug|Any CPU
		{20875A20-9857-48C4-928A-508FB20FBA8C}.Debug|x86.ActiveCfg = Debug|Any CPU
		{20875A20-9857-48C4-928A-508FB20FBA8C}.Debug|x86.Build.0 = Debug|Any CPU
		{20875A20-9857-48C4-928A-508FB20FBA8C}.Debug|x86.Deploy.0 = Debug|Any CPU
		{20875A20-9857-48C4-928A-508FB20FBA8C}.Release|Any CPU.ActiveCfg = Release|Any CPU
		{20875A20-9857-48C4-928A-508FB20FBA8C}.Release|Any CPU.Build.0 = Release|Any CPU
		{20875A20-9857-48C4-928A-508FB20FBA8C}.Release|Any CPU.Deploy.0 = Release|Any CPU
		{20875A20-9857-48C4-928A-508FB20FBA8C}.Release|ARM.ActiveCfg = Release|Any CPU
		{20875A20-9857-48C4-928A-508FB20FBA8C}.Release|ARM.Build.0 = Release|Any CPU
		{20875A20-9857-48C4-928A-508FB20FBA8C}.Release|ARM.Deploy.0 = Release|Any CPU
		{20875A20-9857-48C4-928A-508FB20FBA8C}.Release|iPhone.ActiveCfg = Release|Any CPU
		{20875A20-9857-48C4-928A-508FB20FBA8C}.Release|iPhone.Build.0 = Release|Any CPU
		{20875A20-9857-48C4-928A-508FB20FBA8C}.Release|iPhone.Deploy.0 = Release|Any CPU
		{20875A20-9857-48C4-928A-508FB20FBA8C}.Release|iPhoneSimulator.ActiveCfg = Release|Any CPU
		{20875A20-9857-48C4-928A-508FB20FBA8C}.Release|iPhoneSimulator.Build.0 = Release|Any CPU
		{20875A20-9857-48C4-928A-508FB20FBA8C}.Release|iPhoneSimulator.Deploy.0 = Release|Any CPU
		{20875A20-9857-48C4-928A-508FB20FBA8C}.Release|x64.ActiveCfg = Release|Any CPU
		{20875A20-9857-48C4-928A-508FB20FBA8C}.Release|x64.Build.0 = Release|Any CPU
		{20875A20-9857-48C4-928A-508FB20FBA8C}.Release|x64.Deploy.0 = Release|Any CPU
		{20875A20-9857-48C4-928A-508FB20FBA8C}.Release|x86.ActiveCfg = Release|Any CPU
		{20875A20-9857-48C4-928A-508FB20FBA8C}.Release|x86.Build.0 = Release|Any CPU
		{20875A20-9857-48C4-928A-508FB20FBA8C}.Release|x86.Deploy.0 = Release|Any CPU
		{F5C77CB9-79C9-4CE0-A970-F040F6520AD3}.Debug|Any CPU.ActiveCfg = Debug|iPhone
		{F5C77CB9-79C9-4CE0-A970-F040F6520AD3}.Debug|ARM.ActiveCfg = Debug|iPhone
		{F5C77CB9-79C9-4CE0-A970-F040F6520AD3}.Debug|iPhone.ActiveCfg = Debug|iPhone
		{F5C77CB9-79C9-4CE0-A970-F040F6520AD3}.Debug|iPhone.Build.0 = Debug|iPhone
		{F5C77CB9-79C9-4CE0-A970-F040F6520AD3}.Debug|iPhoneSimulator.ActiveCfg = Debug|iPhoneSimulator
		{F5C77CB9-79C9-4CE0-A970-F040F6520AD3}.Debug|iPhoneSimulator.Build.0 = Debug|iPhoneSimulator
		{F5C77CB9-79C9-4CE0-A970-F040F6520AD3}.Debug|x64.ActiveCfg = Debug|iPhone
		{F5C77CB9-79C9-4CE0-A970-F040F6520AD3}.Debug|x86.ActiveCfg = Debug|iPhone
		{F5C77CB9-79C9-4CE0-A970-F040F6520AD3}.Release|Any CPU.ActiveCfg = Release|iPhone
		{F5C77CB9-79C9-4CE0-A970-F040F6520AD3}.Release|ARM.ActiveCfg = Release|iPhone
		{F5C77CB9-79C9-4CE0-A970-F040F6520AD3}.Release|iPhone.ActiveCfg = Release|iPhone
		{F5C77CB9-79C9-4CE0-A970-F040F6520AD3}.Release|iPhone.Build.0 = Release|iPhone
		{F5C77CB9-79C9-4CE0-A970-F040F6520AD3}.Release|iPhoneSimulator.ActiveCfg = Release|iPhoneSimulator
		{F5C77CB9-79C9-4CE0-A970-F040F6520AD3}.Release|iPhoneSimulator.Build.0 = Release|iPhoneSimulator
		{F5C77CB9-79C9-4CE0-A970-F040F6520AD3}.Release|x64.ActiveCfg = Release|iPhone
		{F5C77CB9-79C9-4CE0-A970-F040F6520AD3}.Release|x86.ActiveCfg = Release|iPhone
		{300CD5E1-1210-4C48-8B14-8F8B65811B9D}.Debug|Any CPU.ActiveCfg = Debug|Any CPU
		{300CD5E1-1210-4C48-8B14-8F8B65811B9D}.Debug|Any CPU.Build.0 = Debug|Any CPU
		{300CD5E1-1210-4C48-8B14-8F8B65811B9D}.Debug|ARM.ActiveCfg = Debug|Any CPU
		{300CD5E1-1210-4C48-8B14-8F8B65811B9D}.Debug|ARM.Build.0 = Debug|Any CPU
		{300CD5E1-1210-4C48-8B14-8F8B65811B9D}.Debug|iPhone.ActiveCfg = Debug|Any CPU
		{300CD5E1-1210-4C48-8B14-8F8B65811B9D}.Debug|iPhone.Build.0 = Debug|Any CPU
		{300CD5E1-1210-4C48-8B14-8F8B65811B9D}.Debug|iPhoneSimulator.ActiveCfg = Debug|Any CPU
		{300CD5E1-1210-4C48-8B14-8F8B65811B9D}.Debug|iPhoneSimulator.Build.0 = Debug|Any CPU
		{300CD5E1-1210-4C48-8B14-8F8B65811B9D}.Debug|x64.ActiveCfg = Debug|Any CPU
		{300CD5E1-1210-4C48-8B14-8F8B65811B9D}.Debug|x64.Build.0 = Debug|Any CPU
		{300CD5E1-1210-4C48-8B14-8F8B65811B9D}.Debug|x86.ActiveCfg = Debug|Any CPU
		{300CD5E1-1210-4C48-8B14-8F8B65811B9D}.Debug|x86.Build.0 = Debug|Any CPU
		{300CD5E1-1210-4C48-8B14-8F8B65811B9D}.Release|Any CPU.ActiveCfg = Release|Any CPU
		{300CD5E1-1210-4C48-8B14-8F8B65811B9D}.Release|Any CPU.Build.0 = Release|Any CPU
		{300CD5E1-1210-4C48-8B14-8F8B65811B9D}.Release|ARM.ActiveCfg = Release|Any CPU
		{300CD5E1-1210-4C48-8B14-8F8B65811B9D}.Release|ARM.Build.0 = Release|Any CPU
		{300CD5E1-1210-4C48-8B14-8F8B65811B9D}.Release|iPhone.ActiveCfg = Release|Any CPU
		{300CD5E1-1210-4C48-8B14-8F8B65811B9D}.Release|iPhone.Build.0 = Release|Any CPU
		{300CD5E1-1210-4C48-8B14-8F8B65811B9D}.Release|iPhoneSimulator.ActiveCfg = Release|Any CPU
		{300CD5E1-1210-4C48-8B14-8F8B65811B9D}.Release|iPhoneSimulator.Build.0 = Release|Any CPU
		{300CD5E1-1210-4C48-8B14-8F8B65811B9D}.Release|x64.ActiveCfg = Release|Any CPU
		{300CD5E1-1210-4C48-8B14-8F8B65811B9D}.Release|x64.Build.0 = Release|Any CPU
		{300CD5E1-1210-4C48-8B14-8F8B65811B9D}.Release|x86.ActiveCfg = Release|Any CPU
		{300CD5E1-1210-4C48-8B14-8F8B65811B9D}.Release|x86.Build.0 = Release|Any CPU
	EndGlobalSection
	GlobalSection(SolutionProperties) = preSolution
		HideSolutionNode = FALSE
	EndGlobalSection
	GlobalSection(NestedProjects) = preSolution
		{DCF806DA-6D15-411C-B925-A91F409683C7} = {69A00EAF-B11A-4A77-9DE1-C1FB1B78A1B5}
		{AFEA7F07-9C02-4149-BAEA-6FB0F4883E9C} = {69A00EAF-B11A-4A77-9DE1-C1FB1B78A1B5}
		{20875A20-9857-48C4-928A-508FB20FBA8C} = {69A00EAF-B11A-4A77-9DE1-C1FB1B78A1B5}
		{F5C77CB9-79C9-4CE0-A970-F040F6520AD3} = {69A00EAF-B11A-4A77-9DE1-C1FB1B78A1B5}
		{300CD5E1-1210-4C48-8B14-8F8B65811B9D} = {69A00EAF-B11A-4A77-9DE1-C1FB1B78A1B5}
	EndGlobalSection
	GlobalSection(ExtensibilityGlobals) = postSolution
		SolutionGuid = {B9F56A85-8F7A-4077-99D9-77ECCB2A3FB7}
	EndGlobalSection
EndGlobal
