
Microsoft Visual Studio Solution File, Format Version 12.00
# Visual Studio Version 16
VisualStudioVersion = 16.0.30114.105
MinimumVisualStudioVersion = 10.0.40219.1
Project("{9A19103F-16F7-4668-BE54-9A1E7A4F7556}") = "Pharmacy.API", "Pharmacy.API\Pharmacy.API.csproj", "{8DD02AF6-1D65-4D49-B4EC-AF35715C5100}"
EndProject
Project("{9A19103F-16F7-4668-BE54-9A1E7A4F7556}") = "Pharmacy.Infrastracture", "Pharmacy.Infrastracture\Pharmacy.Infrastracture.csproj", "{B37C5091-88C1-44D5-8955-7405872FB1FD}"
EndProject
Project("{2150E333-8FDC-42A3-9474-1A3956D46DE8}") = "UI", "UI", "{69A00EAF-B11A-4A77-9DE1-C1FB1B78A1B5}"
EndProject
Project("{FAE04EC0-301F-11D3-BF4B-00C04F79EFBC}") = "Pharmacy.WindowsUI", "Pharmacy.WindowsUI\Pharmacy.WindowsUI.csproj", "{DCF806DA-6D15-411C-B925-A91F409683C7}"
EndProject
Project("{FAE04EC0-301F-11D3-BF4B-00C04F79EFBC}") = "Pharmacy.Core", "Pharmacy.Core\Pharmacy.Core.csproj", "{E11E843D-47B9-4A45-8927-57E2D01C63C0}"
EndProject
Global
	GlobalSection(SolutionConfigurationPlatforms) = preSolution
		Debug|Any CPU = Debug|Any CPU
		Release|Any CPU = Release|Any CPU
	EndGlobalSection
	GlobalSection(ProjectConfigurationPlatforms) = postSolution
		{8DD02AF6-1D65-4D49-B4EC-AF35715C5100}.Debug|Any CPU.ActiveCfg = Debug|Any CPU
		{8DD02AF6-1D65-4D49-B4EC-AF35715C5100}.Debug|Any CPU.Build.0 = Debug|Any CPU
		{8DD02AF6-1D65-4D49-B4EC-AF35715C5100}.Release|Any CPU.ActiveCfg = Release|Any CPU
		{8DD02AF6-1D65-4D49-B4EC-AF35715C5100}.Release|Any CPU.Build.0 = Release|Any CPU
		{B37C5091-88C1-44D5-8955-7405872FB1FD}.Debug|Any CPU.ActiveCfg = Debug|Any CPU
		{B37C5091-88C1-44D5-8955-7405872FB1FD}.Debug|Any CPU.Build.0 = Debug|Any CPU
		{B37C5091-88C1-44D5-8955-7405872FB1FD}.Release|Any CPU.ActiveCfg = Release|Any CPU
		{B37C5091-88C1-44D5-8955-7405872FB1FD}.Release|Any CPU.Build.0 = Release|Any CPU
		{DCF806DA-6D15-411C-B925-A91F409683C7}.Debug|Any CPU.ActiveCfg = Debug|Any CPU
		{DCF806DA-6D15-411C-B925-A91F409683C7}.Debug|Any CPU.Build.0 = Debug|Any CPU
		{DCF806DA-6D15-411C-B925-A91F409683C7}.Release|Any CPU.ActiveCfg = Release|Any CPU
		{DCF806DA-6D15-411C-B925-A91F409683C7}.Release|Any CPU.Build.0 = Release|Any CPU
		{E11E843D-47B9-4A45-8927-57E2D01C63C0}.Debug|Any CPU.ActiveCfg = Debug|Any CPU
		{E11E843D-47B9-4A45-8927-57E2D01C63C0}.Debug|Any CPU.Build.0 = Debug|Any CPU
		{E11E843D-47B9-4A45-8927-57E2D01C63C0}.Release|Any CPU.ActiveCfg = Release|Any CPU
		{E11E843D-47B9-4A45-8927-57E2D01C63C0}.Release|Any CPU.Build.0 = Release|Any CPU
	EndGlobalSection
	GlobalSection(SolutionProperties) = preSolution
		HideSolutionNode = FALSE
	EndGlobalSection
	GlobalSection(NestedProjects) = preSolution
		{DCF806DA-6D15-411C-B925-A91F409683C7} = {69A00EAF-B11A-4A77-9DE1-C1FB1B78A1B5}
	EndGlobalSection
	GlobalSection(ExtensibilityGlobals) = postSolution
		SolutionGuid = {B9F56A85-8F7A-4077-99D9-77ECCB2A3FB7}
	EndGlobalSection
EndGlobal
